
Microsoft Visual Studio Solution File, Format Version 12.00
# Visual Studio 15
VisualStudioVersion = 15.0.27703.2035
MinimumVisualStudioVersion = 10.0.40219.1
Project("{9A19103F-16F7-4668-BE54-9A1E7A4F7556}") = "DesafioApi", "DesafioApi\DesafioApi.csproj", "{73953082-9EB0-463F-8026-CDA290DFC1EA}"
EndProject
Project("{9A19103F-16F7-4668-BE54-9A1E7A4F7556}") = "DesafioFront", "DesafioFront\DesafioFront.csproj", "{71A880C5-CC3B-4AD5-9710-CA1C89F38A7C}"
EndProject
Global
	GlobalSection(SolutionConfigurationPlatforms) = preSolution
		Debug|Any CPU = Debug|Any CPU
		Release|Any CPU = Release|Any CPU
	EndGlobalSection
	GlobalSection(ProjectConfigurationPlatforms) = postSolution
		{73953082-9EB0-463F-8026-CDA290DFC1EA}.Debug|Any CPU.ActiveCfg = Debug|Any CPU
		{73953082-9EB0-463F-8026-CDA290DFC1EA}.Debug|Any CPU.Build.0 = Debug|Any CPU
		{73953082-9EB0-463F-8026-CDA290DFC1EA}.Release|Any CPU.ActiveCfg = Release|Any CPU
		{73953082-9EB0-463F-8026-CDA290DFC1EA}.Release|Any CPU.Build.0 = Release|Any CPU
		{71A880C5-CC3B-4AD5-9710-CA1C89F38A7C}.Debug|Any CPU.ActiveCfg = Debug|Any CPU
		{71A880C5-CC3B-4AD5-9710-CA1C89F38A7C}.Debug|Any CPU.Build.0 = Debug|Any CPU
		{71A880C5-CC3B-4AD5-9710-CA1C89F38A7C}.Release|Any CPU.ActiveCfg = Release|Any CPU
		{71A880C5-CC3B-4AD5-9710-CA1C89F38A7C}.Release|Any CPU.Build.0 = Release|Any CPU
	EndGlobalSection
	GlobalSection(SolutionProperties) = preSolution
		HideSolutionNode = FALSE
	EndGlobalSection
	GlobalSection(ExtensibilityGlobals) = postSolution
		SolutionGuid = {08C3BF14-E701-418E-98A4-D09534639329}
	EndGlobalSection
EndGlobal
